# generated by rye
# use `rye lock` or `rye sync` to update this lockfile
#
# last locked with the following flags:
#   pre: false
#   features: []
#   all-features: false
#   with-sources: false
#   generate-hashes: false

-e file:.
annotated-types==0.7.0
    # via pydantic
cffi==1.16.0
    # via timezonefinder
contourpy==1.1.1
    # via matplotlib
cycler==0.12.1
    # via matplotlib
deprecated==1.2.14
    # via helicast
fonttools==4.53.0
    # via matplotlib
h3==3.7.7
    # via timezonefinder
holidays==0.52
    # via helicast
joblib==1.4.2
    # via scikit-learn
kiwisolver==1.4.5
    # via matplotlib
matplotlib==3.7.5
    # via helicast
numpy==1.24.4
    # via contourpy
    # via helicast
    # via matplotlib
    # via pandas
    # via pyarrow
    # via scikit-learn
    # via scipy
    # via timezonefinder
packaging==24.1
    # via matplotlib
pandas==2.0.3
    # via helicast
pillow==10.4.0
    # via matplotlib
pyarrow==16.1.0
    # via helicast
pycparser==2.22
    # via cffi
pydantic==2.8.0
    # via helicast
pydantic-core==2.20.0
    # via pydantic
pyparsing==3.1.2
    # via matplotlib
python-dateutil==2.9.0.post0
    # via holidays
    # via matplotlib
    # via pandas
pytz==2024.1
    # via pandas
scikit-learn==1.5.0
    # via helicast
scipy==1.10.1
    # via scikit-learn
setuptools==70.3.0
    # via timezonefinder
six==1.16.0
    # via python-dateutil
strenum==0.4.15
    # via helicast
threadpoolctl==3.5.0
    # via scikit-learn
timezonefinder==6.5.2
    # via helicast
typing-extensions==4.12.2
    # via pydantic
    # via pydantic-core
tzdata==2024.1
    # via pandas
wrapt==1.16.0
    # via deprecated
